<?xml version="1.0" encoding="utf-8"?>
<Project ToolsVersion="4.0" xmlns="http://schemas.microsoft.com/developer/msbuild/2003">
  <ItemGroup>
    <Filter Include="源文件">
      <UniqueIdentifier>{4FC737F1-C7A5-4376-A066-2A32D752A2FF}</UniqueIdentifier>
      <Extensions>cpp;c;cc;cxx;def;odl;idl;hpj;bat;asm;asmx</Extensions>
    </Filter>
    <Filter Include="头文件">
      <UniqueIdentifier>{93995380-89BD-4b04-88EB-625FBE52EBFB}</UniqueIdentifier>
      <Extensions>h;hh;hpp;hxx;hm;inl;inc;xsd</Extensions>
    </Filter>
    <Filter Include="资源文件">
      <UniqueIdentifier>{67DA6AB6-F800-4c08-8B7A-83BB121AAD01}</UniqueIdentifier>
      <Extensions>rc;ico;cur;bmp;dlg;rc2;rct;bin;rgs;gif;jpg;jpeg;jpe;resx;tiff;tif;png;wav;mfcribbon-ms</Extensions>
    </Filter>
    <Filter Include="api">
      <UniqueIdentifier>{0c73afcc-a57c-48da-8421-e962c85e0050}</UniqueIdentifier>
    </Filter>
    <Filter Include="protocol">
      <UniqueIdentifier>{40288067-11ec-4cb2-9d09-1ac25fa9d436}</UniqueIdentifier>
    </Filter>
  </ItemGroup>
  <ItemGroup>
    <Text Include="ReadMe.txt" />
  </ItemGroup>
  <ItemGroup>
    <ClInclude Include="stdafx.h">
      <Filter>头文件</Filter>
    </ClInclude>
    <ClInclude Include="targetver.h">
      <Filter>头文件</Filter>
    </ClInclude>
    <ClInclude Include="api\i_event.h">
      <Filter>api</Filter>
    </ClInclude>
    <ClInclude Include="api\tcp_client.h">
      <Filter>api</Filter>
    </ClInclude>
    <ClInclude Include="..\..\third_party\leo_im_sdk\include\leoprotocol\IM.BaseDefine.pb.h">
      <Filter>protocol</Filter>
    </ClInclude>
    <ClInclude Include="..\..\third_party\leo_im_sdk\include\leoprotocol\IM.Buddy.pb.h">
      <Filter>protocol</Filter>
    </ClInclude>
    <ClInclude Include="..\..\third_party\leo_im_sdk\include\leoprotocol\IM.File.pb.h">
      <Filter>protocol</Filter>
    </ClInclude>
    <ClInclude Include="..\..\third_party\leo_im_sdk\include\leoprotocol\IM.Group.pb.h">
      <Filter>protocol</Filter>
    </ClInclude>
    <ClInclude Include="..\..\third_party\leo_im_sdk\include\leoprotocol\IM.Login.pb.h">
      <Filter>protocol</Filter>
    </ClInclude>
    <ClInclude Include="..\..\third_party\leo_im_sdk\include\leoprotocol\IM.Message.pb.h">
      <Filter>protocol</Filter>
    </ClInclude>
    <ClInclude Include="..\..\third_party\leo_im_sdk\include\leoprotocol\IM.Other.pb.h">
      <Filter>protocol</Filter>
    </ClInclude>
    <ClInclude Include="..\..\third_party\leo_im_sdk\include\leoprotocol\IM.Server.pb.h">
      <Filter>protocol</Filter>
    </ClInclude>
    <ClInclude Include="..\..\third_party\leo_im_sdk\include\leoprotocol\IM.SwitchService.pb.h">
      <Filter>protocol</Filter>
    </ClInclude>
    <ClInclude Include="api\im_sdk_dll.h">
      <Filter>api</Filter>
    </ClInclude>
  </ItemGroup>
  <ItemGroup>
    <ClCompile Include="stdafx.cpp">
      <Filter>源文件</Filter>
    </ClCompile>
    <ClCompile Include="leoimcore.cpp">
      <Filter>源文件</Filter>
    </ClCompile>
    <ClCompile Include="dllmain.cpp">
      <Filter>源文件</Filter>
    </ClCompile>
    <ClCompile Include="api\tcp_client.cpp">
      <Filter>api</Filter>
    </ClCompile>
    <ClCompile Include="..\..\third_party\leo_im_sdk\include\leoprotocol\IM.BaseDefine.pb.cc">
      <Filter>protocol</Filter>
    </ClCompile>
    <ClCompile Include="..\..\third_party\leo_im_sdk\include\leoprotocol\IM.Buddy.pb.cc">
      <Filter>protocol</Filter>
    </ClCompile>
    <ClCompile Include="..\..\third_party\leo_im_sdk\include\leoprotocol\IM.File.pb.cc">
      <Filter>protocol</Filter>
    </ClCompile>
    <ClCompile Include="..\..\third_party\leo_im_sdk\include\leoprotocol\IM.Group.pb.cc">
      <Filter>protocol</Filter>
    </ClCompile>
    <ClCompile Include="..\..\third_party\leo_im_sdk\include\leoprotocol\IM.Login.pb.cc">
      <Filter>protocol</Filter>
    </ClCompile>
    <ClCompile Include="..\..\third_party\leo_im_sdk\include\leoprotocol\IM.Message.pb.cc">
      <Filter>protocol</Filter>
    </ClCompile>
    <ClCompile Include="..\..\third_party\leo_im_sdk\include\leoprotocol\IM.Other.pb.cc">
      <Filter>protocol</Filter>
    </ClCompile>
    <ClCompile Include="..\..\third_party\leo_im_sdk\include\leoprotocol\IM.Server.pb.cc">
      <Filter>protocol</Filter>
    </ClCompile>
    <ClCompile Include="..\..\third_party\leo_im_sdk\include\leoprotocol\IM.SwitchService.pb.cc">
      <Filter>protocol</Filter>
    </ClCompile>
  </ItemGroup>
</Project>